// !$*UTF8*$!
{
	archiveVersion = 1;
	classes = {
	};
	objectVersion = 46;
	objects = {

/* Begin PBXBuildFile section */
		2A1A50AF1C1F6C83001A33AA /* EditorViewPanel.swift in Sources */ = {isa = PBXBuildFile; fileRef = 2A1A50AE1C1F6C83001A33AA /* EditorViewPanel.swift */; };
		2A53E73B1C1F994A002A663E /* EditorTileButton.swift in Sources */ = {isa = PBXBuildFile; fileRef = 2A53E73A1C1F994A002A663E /* EditorTileButton.swift */; };
		2A60D58F1C1B7E9C005E9455 /* AppDelegate.swift in Sources */ = {isa = PBXBuildFile; fileRef = 2A60D58C1C1B7E9C005E9455 /* AppDelegate.swift */; };
		2A60D5901C1B7E9C005E9455 /* GameScene.sks in Resources */ = {isa = PBXBuildFile; fileRef = 2A60D58D1C1B7E9C005E9455 /* GameScene.sks */; };
		2A60D5931C1B7F86005E9455 /* AtlasScene.swift in Sources */ = {isa = PBXBuildFile; fileRef = 2A60D5921C1B7F86005E9455 /* AtlasScene.swift */; };
		2A60D5951C1B7F89005E9455 /* GameViewController.swift in Sources */ = {isa = PBXBuildFile; fileRef = 2A60D5941C1B7F89005E9455 /* GameViewController.swift */; };
		2A60D59B1C1B8008005E9455 /* Tiles.atlas in Resources */ = {isa = PBXBuildFile; fileRef = 2A60D59A1C1B8008005E9455 /* Tiles.atlas */; };
		2A60D59D1C1B8048005E9455 /* Info.plist in Resources */ = {isa = PBXBuildFile; fileRef = 2A60D59C1C1B8048005E9455 /* Info.plist */; };
		2A60D5A71C1B8355005E9455 /* ACEaseUtility.swift in Sources */ = {isa = PBXBuildFile; fileRef = 2A60D59F1C1B8355005E9455 /* ACEaseUtility.swift */; };
		2A60D5A81C1B8355005E9455 /* AngleUtility.swift in Sources */ = {isa = PBXBuildFile; fileRef = 2A60D5A01C1B8355005E9455 /* AngleUtility.swift */; };
		2A60D5A91C1B8355005E9455 /* ColorUtility.swift in Sources */ = {isa = PBXBuildFile; fileRef = 2A60D5A11C1B8355005E9455 /* ColorUtility.swift */; };
		2A60D5AA1C1B8355005E9455 /* DeviceUtility.swift in Sources */ = {isa = PBXBuildFile; fileRef = 2A60D5A21C1B8355005E9455 /* DeviceUtility.swift */; };
		2A60D5AB1C1B8355005E9455 /* IntUtility.swift in Sources */ = {isa = PBXBuildFile; fileRef = 2A60D5A31C1B8355005E9455 /* IntUtility.swift */; };
		2A60D5AC1C1B8355005E9455 /* RandomUtility.swift in Sources */ = {isa = PBXBuildFile; fileRef = 2A60D5A41C1B8355005E9455 /* RandomUtility.swift */; };
		2A60D5AD1C1B8355005E9455 /* SKSpriteNodeUtility.swift in Sources */ = {isa = PBXBuildFile; fileRef = 2A60D5A51C1B8355005E9455 /* SKSpriteNodeUtility.swift */; };
		2A60D5AE1C1B8355005E9455 /* UserDefaultsUtility.swift in Sources */ = {isa = PBXBuildFile; fileRef = 2A60D5A61C1B8355005E9455 /* UserDefaultsUtility.swift */; };
		2A60D5B01C1B89BE005E9455 /* MapView.swift in Sources */ = {isa = PBXBuildFile; fileRef = 2A60D5AF1C1B89BE005E9455 /* MapView.swift */; };
		2A80AE601C1CF3B600699DC9 /* TileMap.swift in Sources */ = {isa = PBXBuildFile; fileRef = 2A80AE5F1C1CF3B600699DC9 /* TileMap.swift */; };
		2A80AE621C1CFB4100699DC9 /* TextureUtility.swift in Sources */ = {isa = PBXBuildFile; fileRef = 2A80AE611C1CFB4100699DC9 /* TextureUtility.swift */; };
		2AABF4A11C1CBE81005F7C53 /* CoordinateUtility.swift in Sources */ = {isa = PBXBuildFile; fileRef = 2AABF4A01C1CBE81005F7C53 /* CoordinateUtility.swift */; };
		2AABF4A41C1CD112005F7C53 /* square.png in Resources */ = {isa = PBXBuildFile; fileRef = 2AABF4A31C1CD112005F7C53 /* square.png */; };
		2AB80E2E1C20434C0040262A /* Atlas.swift in Sources */ = {isa = PBXBuildFile; fileRef = 2AB80E2D1C20434C0040262A /* Atlas.swift */; };
		2AB80E321C2053D70040262A /* Queue.swift in Sources */ = {isa = PBXBuildFile; fileRef = 2AB80E311C2053D70040262A /* Queue.swift */; };
		2ACEC7661C1B52BB00A6C976 /* Main.storyboard in Resources */ = {isa = PBXBuildFile; fileRef = 2ACEC7641C1B52BB00A6C976 /* Main.storyboard */; };
		2ACEC7681C1B52BB00A6C976 /* Assets.xcassets in Resources */ = {isa = PBXBuildFile; fileRef = 2ACEC7671C1B52BB00A6C976 /* Assets.xcassets */; };
		2ACEC76B1C1B52BB00A6C976 /* LaunchScreen.storyboard in Resources */ = {isa = PBXBuildFile; fileRef = 2ACEC7691C1B52BB00A6C976 /* LaunchScreen.storyboard */; };
		2ACEC7761C1B52BB00A6C976 /* Atlas_2_1Tests.swift in Sources */ = {isa = PBXBuildFile; fileRef = 2ACEC7751C1B52BB00A6C976 /* Atlas_2_1Tests.swift */; };
/* End PBXBuildFile section */

/* Begin PBXContainerItemProxy section */
		2ACEC7721C1B52BB00A6C976 /* PBXContainerItemProxy */ = {
			isa = PBXContainerItemProxy;
			containerPortal = 2ACEC7511C1B52BB00A6C976 /* Project object */;
			proxyType = 1;
			remoteGlobalIDString = 2ACEC7581C1B52BB00A6C976;
			remoteInfo = "Atlas 2.1";
		};
/* End PBXContainerItemProxy section */

/* Begin PBXFileReference section */
		2A1A50AE1C1F6C83001A33AA /* EditorViewPanel.swift */ = {isa = PBXFileReference; fileEncoding = 4; lastKnownFileType = sourcecode.swift; path = EditorViewPanel.swift; sourceTree = "<group>"; };
		2A53E73A1C1F994A002A663E /* EditorTileButton.swift */ = {isa = PBXFileReference; fileEncoding = 4; lastKnownFileType = sourcecode.swift; path = EditorTileButton.swift; sourceTree = "<group>"; };
		2A60D58C1C1B7E9C005E9455 /* AppDelegate.swift */ = {isa = PBXFileReference; fileEncoding = 4; lastKnownFileType = sourcecode.swift; name = AppDelegate.swift; path = Boilerplate/AppDelegate.swift; sourceTree = "<group>"; };
		2A60D58D1C1B7E9C005E9455 /* GameScene.sks */ = {isa = PBXFileReference; lastKnownFileType = file.sks; name = GameScene.sks; path = Boilerplate/GameScene.sks; sourceTree = "<group>"; };
		2A60D5921C1B7F86005E9455 /* AtlasScene.swift */ = {isa = PBXFileReference; fileEncoding = 4; lastKnownFileType = sourcecode.swift; name = AtlasScene.swift; path = Code/Scenes/AtlasScene.swift; sourceTree = "<group>"; };
		2A60D5941C1B7F89005E9455 /* GameViewController.swift */ = {isa = PBXFileReference; fileEncoding = 4; lastKnownFileType = sourcecode.swift; name = GameViewController.swift; path = Code/GameViewController.swift; sourceTree = "<group>"; };
		2A60D59A1C1B8008005E9455 /* Tiles.atlas */ = {isa = PBXFileReference; lastKnownFileType = folder.skatlas; name = Tiles.atlas; path = Resources/Textures/Tiles.atlas; sourceTree = "<group>"; };
		2A60D59C1C1B8048005E9455 /* Info.plist */ = {isa = PBXFileReference; fileEncoding = 4; lastKnownFileType = text.plist.xml; path = Info.plist; sourceTree = "<group>"; };
		2A60D59F1C1B8355005E9455 /* ACEaseUtility.swift */ = {isa = PBXFileReference; fileEncoding = 4; lastKnownFileType = sourcecode.swift; name = ACEaseUtility.swift; path = Code/Utility/ACEaseUtility.swift; sourceTree = "<group>"; };
		2A60D5A01C1B8355005E9455 /* AngleUtility.swift */ = {isa = PBXFileReference; fileEncoding = 4; lastKnownFileType = sourcecode.swift; name = AngleUtility.swift; path = Code/Utility/AngleUtility.swift; sourceTree = "<group>"; };
		2A60D5A11C1B8355005E9455 /* ColorUtility.swift */ = {isa = PBXFileReference; fileEncoding = 4; lastKnownFileType = sourcecode.swift; name = ColorUtility.swift; path = Code/Utility/ColorUtility.swift; sourceTree = "<group>"; };
		2A60D5A21C1B8355005E9455 /* DeviceUtility.swift */ = {isa = PBXFileReference; fileEncoding = 4; lastKnownFileType = sourcecode.swift; name = DeviceUtility.swift; path = Code/Utility/DeviceUtility.swift; sourceTree = "<group>"; };
		2A60D5A31C1B8355005E9455 /* IntUtility.swift */ = {isa = PBXFileReference; fileEncoding = 4; lastKnownFileType = sourcecode.swift; name = IntUtility.swift; path = Code/Utility/IntUtility.swift; sourceTree = "<group>"; };
		2A60D5A41C1B8355005E9455 /* RandomUtility.swift */ = {isa = PBXFileReference; fileEncoding = 4; lastKnownFileType = sourcecode.swift; name = RandomUtility.swift; path = Code/Utility/RandomUtility.swift; sourceTree = "<group>"; };
		2A60D5A51C1B8355005E9455 /* SKSpriteNodeUtility.swift */ = {isa = PBXFileReference; fileEncoding = 4; lastKnownFileType = sourcecode.swift; name = SKSpriteNodeUtility.swift; path = Code/Utility/SKSpriteNodeUtility.swift; sourceTree = "<group>"; };
		2A60D5A61C1B8355005E9455 /* UserDefaultsUtility.swift */ = {isa = PBXFileReference; fileEncoding = 4; lastKnownFileType = sourcecode.swift; name = UserDefaultsUtility.swift; path = Code/Utility/UserDefaultsUtility.swift; sourceTree = "<group>"; };
		2A60D5AF1C1B89BE005E9455 /* MapView.swift */ = {isa = PBXFileReference; fileEncoding = 4; lastKnownFileType = sourcecode.swift; path = MapView.swift; sourceTree = "<group>"; };
		2A80AE5F1C1CF3B600699DC9 /* TileMap.swift */ = {isa = PBXFileReference; fileEncoding = 4; lastKnownFileType = sourcecode.swift; path = TileMap.swift; sourceTree = "<group>"; };
		2A80AE611C1CFB4100699DC9 /* TextureUtility.swift */ = {isa = PBXFileReference; fileEncoding = 4; lastKnownFileType = sourcecode.swift; path = TextureUtility.swift; sourceTree = "<group>"; };
		2AABF4A01C1CBE81005F7C53 /* CoordinateUtility.swift */ = {isa = PBXFileReference; fileEncoding = 4; lastKnownFileType = sourcecode.swift; path = CoordinateUtility.swift; sourceTree = "<group>"; };
		2AABF4A31C1CD112005F7C53 /* square.png */ = {isa = PBXFileReference; lastKnownFileType = image.png; name = square.png; path = Resources/Common/square.png; sourceTree = "<group>"; };
		2AB80E2D1C20434C0040262A /* Atlas.swift */ = {isa = PBXFileReference; fileEncoding = 4; lastKnownFileType = sourcecode.swift; path = Atlas.swift; sourceTree = "<group>"; };
		2AB80E311C2053D70040262A /* Queue.swift */ = {isa = PBXFileReference; fileEncoding = 4; lastKnownFileType = sourcecode.swift; path = Queue.swift; sourceTree = "<group>"; };
		2ACEC7591C1B52BB00A6C976 /* Atlas 2.1.app */ = {isa = PBXFileReference; explicitFileType = wrapper.application; includeInIndex = 0; path = "Atlas 2.1.app"; sourceTree = BUILT_PRODUCTS_DIR; };
		2ACEC7651C1B52BB00A6C976 /* Base */ = {isa = PBXFileReference; lastKnownFileType = file.storyboard; name = Base; path = Base.lproj/Main.storyboard; sourceTree = "<group>"; };
		2ACEC7671C1B52BB00A6C976 /* Assets.xcassets */ = {isa = PBXFileReference; lastKnownFileType = folder.assetcatalog; path = Assets.xcassets; sourceTree = "<group>"; };
		2ACEC76A1C1B52BB00A6C976 /* Base */ = {isa = PBXFileReference; lastKnownFileType = file.storyboard; name = Base; path = Base.lproj/LaunchScreen.storyboard; sourceTree = "<group>"; };
		2ACEC7711C1B52BB00A6C976 /* Atlas 2.1Tests.xctest */ = {isa = PBXFileReference; explicitFileType = wrapper.cfbundle; includeInIndex = 0; path = "Atlas 2.1Tests.xctest"; sourceTree = BUILT_PRODUCTS_DIR; };
		2ACEC7751C1B52BB00A6C976 /* Atlas_2_1Tests.swift */ = {isa = PBXFileReference; lastKnownFileType = sourcecode.swift; path = Atlas_2_1Tests.swift; sourceTree = "<group>"; };
		2ACEC7771C1B52BB00A6C976 /* Info.plist */ = {isa = PBXFileReference; lastKnownFileType = text.plist.xml; path = Info.plist; sourceTree = "<group>"; };
/* End PBXFileReference section */

/* Begin PBXFrameworksBuildPhase section */
		2ACEC7561C1B52BB00A6C976 /* Frameworks */ = {
			isa = PBXFrameworksBuildPhase;
			buildActionMask = 2147483647;
			files = (
			);
			runOnlyForDeploymentPostprocessing = 0;
		};
		2ACEC76E1C1B52BB00A6C976 /* Frameworks */ = {
			isa = PBXFrameworksBuildPhase;
			buildActionMask = 2147483647;
			files = (
			);
			runOnlyForDeploymentPostprocessing = 0;
		};
/* End PBXFrameworksBuildPhase section */

/* Begin PBXGroup section */
		2A60D5961C1B7F90005E9455 /* Generation */ = {
			isa = PBXGroup;
			children = (
				2AB80E2D1C20434C0040262A /* Atlas.swift */,
				2A60D5921C1B7F86005E9455 /* AtlasScene.swift */,
				2A1A50AE1C1F6C83001A33AA /* EditorViewPanel.swift */,
				2A53E73A1C1F994A002A663E /* EditorTileButton.swift */,
				2A60D5AF1C1B89BE005E9455 /* MapView.swift */,
				2A80AE5F1C1CF3B600699DC9 /* TileMap.swift */,
				2AABF4A01C1CBE81005F7C53 /* CoordinateUtility.swift */,
				2A80AE611C1CFB4100699DC9 /* TextureUtility.swift */,
			);
			name = Generation;
			sourceTree = "<group>";
		};
		2A60D5971C1B7F9E005E9455 /* Boilerplate */ = {
			isa = PBXGroup;
			children = (
				2A60D5941C1B7F89005E9455 /* GameViewController.swift */,
				2A60D58D1C1B7E9C005E9455 /* GameScene.sks */,
				2A60D58C1C1B7E9C005E9455 /* AppDelegate.swift */,
				2A60D59C1C1B8048005E9455 /* Info.plist */,
				2ACEC7641C1B52BB00A6C976 /* Main.storyboard */,
				2ACEC7691C1B52BB00A6C976 /* LaunchScreen.storyboard */,
				2ACEC7671C1B52BB00A6C976 /* Assets.xcassets */,
			);
			name = Boilerplate;
			sourceTree = "<group>";
		};
		2A60D5981C1B7FEE005E9455 /* Resources */ = {
			isa = PBXGroup;
			children = (
				2AABF4A21C1CD100005F7C53 /* Common */,
				2A60D5991C1B8003005E9455 /* Textures */,
			);
			name = Resources;
			sourceTree = "<group>";
		};
		2A60D5991C1B8003005E9455 /* Textures */ = {
			isa = PBXGroup;
			children = (
				2A60D59A1C1B8008005E9455 /* Tiles.atlas */,
			);
			name = Textures;
			sourceTree = "<group>";
		};
		2A60D59E1C1B8328005E9455 /* Utility */ = {
			isa = PBXGroup;
			children = (
				2A60D59F1C1B8355005E9455 /* ACEaseUtility.swift */,
				2A60D5A01C1B8355005E9455 /* AngleUtility.swift */,
				2A60D5A11C1B8355005E9455 /* ColorUtility.swift */,
				2A60D5A21C1B8355005E9455 /* DeviceUtility.swift */,
				2A60D5A31C1B8355005E9455 /* IntUtility.swift */,
				2A60D5A41C1B8355005E9455 /* RandomUtility.swift */,
				2A60D5A51C1B8355005E9455 /* SKSpriteNodeUtility.swift */,
				2A60D5A61C1B8355005E9455 /* UserDefaultsUtility.swift */,
				2AB80E301C2053C00040262A /* Data Structures */,
			);
			name = Utility;
			sourceTree = "<group>";
		};
		2AABF4A21C1CD100005F7C53 /* Common */ = {
			isa = PBXGroup;
			children = (
				2AABF4A31C1CD112005F7C53 /* square.png */,
			);
			name = Common;
			sourceTree = "<group>";
		};
		2AB80E301C2053C00040262A /* Data Structures */ = {
			isa = PBXGroup;
			children = (
				2AB80E311C2053D70040262A /* Queue.swift */,
			);
			name = "Data Structures";
			sourceTree = "<group>";
		};
		2ACEC7501C1B52BB00A6C976 = {
			isa = PBXGroup;
			children = (
				2ACEC75B1C1B52BB00A6C976 /* Atlas 2.1 */,
				2ACEC7741C1B52BB00A6C976 /* Atlas 2.1Tests */,
				2ACEC75A1C1B52BB00A6C976 /* Products */,
			);
			sourceTree = "<group>";
		};
		2ACEC75A1C1B52BB00A6C976 /* Products */ = {
			isa = PBXGroup;
			children = (
				2ACEC7591C1B52BB00A6C976 /* Atlas 2.1.app */,
				2ACEC7711C1B52BB00A6C976 /* Atlas 2.1Tests.xctest */,
			);
			name = Products;
			sourceTree = "<group>";
		};
		2ACEC75B1C1B52BB00A6C976 /* Atlas 2.1 */ = {
			isa = PBXGroup;
			children = (
				2A60D59E1C1B8328005E9455 /* Utility */,
				2A60D5971C1B7F9E005E9455 /* Boilerplate */,
				2A60D5961C1B7F90005E9455 /* Generation */,
				2A60D5981C1B7FEE005E9455 /* Resources */,
			);
			path = "Atlas 2.1";
			sourceTree = "<group>";
		};
		2ACEC7741C1B52BB00A6C976 /* Atlas 2.1Tests */ = {
			isa = PBXGroup;
			children = (
				2ACEC7751C1B52BB00A6C976 /* Atlas_2_1Tests.swift */,
				2ACEC7771C1B52BB00A6C976 /* Info.plist */,
			);
			path = "Atlas 2.1Tests";
			sourceTree = "<group>";
		};
/* End PBXGroup section */

/* Begin PBXNativeTarget section */
		2ACEC7581C1B52BB00A6C976 /* Atlas 2.1 */ = {
			isa = PBXNativeTarget;
			buildConfigurationList = 2ACEC77A1C1B52BB00A6C976 /* Build configuration list for PBXNativeTarget "Atlas 2.1" */;
			buildPhases = (
				2ACEC7551C1B52BB00A6C976 /* Sources */,
				2ACEC7561C1B52BB00A6C976 /* Frameworks */,
				2ACEC7571C1B52BB00A6C976 /* Resources */,
			);
			buildRules = (
			);
			dependencies = (
			);
			name = "Atlas 2.1";
			productName = "Atlas 2.1";
			productReference = 2ACEC7591C1B52BB00A6C976 /* Atlas 2.1.app */;
			productType = "com.apple.product-type.application";
		};
		2ACEC7701C1B52BB00A6C976 /* Atlas 2.1Tests */ = {
			isa = PBXNativeTarget;
			buildConfigurationList = 2ACEC77D1C1B52BB00A6C976 /* Build configuration list for PBXNativeTarget "Atlas 2.1Tests" */;
			buildPhases = (
				2ACEC76D1C1B52BB00A6C976 /* Sources */,
				2ACEC76E1C1B52BB00A6C976 /* Frameworks */,
				2ACEC76F1C1B52BB00A6C976 /* Resources */,
			);
			buildRules = (
			);
			dependencies = (
				2ACEC7731C1B52BB00A6C976 /* PBXTargetDependency */,
			);
			name = "Atlas 2.1Tests";
			productName = "Atlas 2.1Tests";
			productReference = 2ACEC7711C1B52BB00A6C976 /* Atlas 2.1Tests.xctest */;
			productType = "com.apple.product-type.bundle.unit-test";
		};
/* End PBXNativeTarget section */

/* Begin PBXProject section */
		2ACEC7511C1B52BB00A6C976 /* Project object */ = {
			isa = PBXProject;
			attributes = {
				LastSwiftUpdateCheck = 0720;
				LastUpgradeCheck = 0720;
				ORGANIZATIONNAME = Runemark;
				TargetAttributes = {
					2ACEC7581C1B52BB00A6C976 = {
						CreatedOnToolsVersion = 7.2;
					};
					2ACEC7701C1B52BB00A6C976 = {
						CreatedOnToolsVersion = 7.2;
						TestTargetID = 2ACEC7581C1B52BB00A6C976;
					};
				};
			};
			buildConfigurationList = 2ACEC7541C1B52BB00A6C976 /* Build configuration list for PBXProject "Atlas 2.1" */;
			compatibilityVersion = "Xcode 3.2";
			developmentRegion = English;
			hasScannedForEncodings = 0;
			knownRegions = (
				en,
				Base,
			);
			mainGroup = 2ACEC7501C1B52BB00A6C976;
			productRefGroup = 2ACEC75A1C1B52BB00A6C976 /* Products */;
			projectDirPath = "";
			projectRoot = "";
			targets = (
				2ACEC7581C1B52BB00A6C976 /* Atlas 2.1 */,
				2ACEC7701C1B52BB00A6C976 /* Atlas 2.1Tests */,
			);
		};
/* End PBXProject section */

/* Begin PBXResourcesBuildPhase section */
		2ACEC7571C1B52BB00A6C976 /* Resources */ = {
			isa = PBXResourcesBuildPhase;
			buildActionMask = 2147483647;
			files = (
				2A60D5901C1B7E9C005E9455 /* GameScene.sks in Resources */,
				2ACEC76B1C1B52BB00A6C976 /* LaunchScreen.storyboard in Resources */,
				2A60D59D1C1B8048005E9455 /* Info.plist in Resources */,
				2AABF4A41C1CD112005F7C53 /* square.png in Resources */,
				2ACEC7681C1B52BB00A6C976 /* Assets.xcassets in Resources */,
				2ACEC7661C1B52BB00A6C976 /* Main.storyboard in Resources */,
				2A60D59B1C1B8008005E9455 /* Tiles.atlas in Resources */,
			);
			runOnlyForDeploymentPostprocessing = 0;
		};
		2ACEC76F1C1B52BB00A6C976 /* Resources */ = {
			isa = PBXResourcesBuildPhase;
			buildActionMask = 2147483647;
			files = (
			);
			runOnlyForDeploymentPostprocessing = 0;
		};
/* End PBXResourcesBuildPhase section */

/* Begin PBXSourcesBuildPhase section */
		2ACEC7551C1B52BB00A6C976 /* Sources */ = {
			isa = PBXSourcesBuildPhase;
			buildActionMask = 2147483647;
			files = (
				2A60D5A71C1B8355005E9455 /* ACEaseUtility.swift in Sources */,
				2A60D5B01C1B89BE005E9455 /* MapView.swift in Sources */,
				2A60D5A81C1B8355005E9455 /* AngleUtility.swift in Sources */,
				2AB80E321C2053D70040262A /* Queue.swift in Sources */,
				2A1A50AF1C1F6C83001A33AA /* EditorViewPanel.swift in Sources */,
				2A60D5AB1C1B8355005E9455 /* IntUtility.swift in Sources */,
				2A60D5AD1C1B8355005E9455 /* SKSpriteNodeUtility.swift in Sources */,
				2A60D5AA1C1B8355005E9455 /* DeviceUtility.swift in Sources */,
				2A60D5A91C1B8355005E9455 /* ColorUtility.swift in Sources */,
				2A60D5951C1B7F89005E9455 /* GameViewController.swift in Sources */,
				2A60D58F1C1B7E9C005E9455 /* AppDelegate.swift in Sources */,
				2AABF4A11C1CBE81005F7C53 /* CoordinateUtility.swift in Sources */,
				2A80AE601C1CF3B600699DC9 /* TileMap.swift in Sources */,
				2A60D5931C1B7F86005E9455 /* AtlasScene.swift in Sources */,
				2AB80E2E1C20434C0040262A /* Atlas.swift in Sources */,
				2A53E73B1C1F994A002A663E /* EditorTileButton.swift in Sources */,
				2A60D5AC1C1B8355005E9455 /* RandomUtility.swift in Sources */,
				2A60D5AE1C1B8355005E9455 /* UserDefaultsUtility.swift in Sources */,
				2A80AE621C1CFB4100699DC9 /* TextureUtility.swift in Sources */,
			);
			runOnlyForDeploymentPostprocessing = 0;
		};
		2ACEC76D1C1B52BB00A6C976 /* Sources */ = {
			isa = PBXSourcesBuildPhase;
			buildActionMask = 2147483647;
			files = (
				2ACEC7761C1B52BB00A6C976 /* Atlas_2_1Tests.swift in Sources */,
			);
			runOnlyForDeploymentPostprocessing = 0;
		};
/* End PBXSourcesBuildPhase section */

/* Begin PBXTargetDependency section */
		2ACEC7731C1B52BB00A6C976 /* PBXTargetDependency */ = {
			isa = PBXTargetDependency;
			target = 2ACEC7581C1B52BB00A6C976 /* Atlas 2.1 */;
			targetProxy = 2ACEC7721C1B52BB00A6C976 /* PBXContainerItemProxy */;
		};
/* End PBXTargetDependency section */

/* Begin PBXVariantGroup section */
		2ACEC7641C1B52BB00A6C976 /* Main.storyboard */ = {
			isa = PBXVariantGroup;
			children = (
				2ACEC7651C1B52BB00A6C976 /* Base */,
			);
			name = Main.storyboard;
			sourceTree = "<group>";
		};
		2ACEC7691C1B52BB00A6C976 /* LaunchScreen.storyboard */ = {
			isa = PBXVariantGroup;
			children = (
				2ACEC76A1C1B52BB00A6C976 /* Base */,
			);
			name = LaunchScreen.storyboard;
			sourceTree = "<group>";
		};
/* End PBXVariantGroup section */

/* Begin XCBuildConfiguration section */
		2ACEC7781C1B52BB00A6C976 /* Debug */ = {
			isa = XCBuildConfiguration;
			buildSettings = {
				ALWAYS_SEARCH_USER_PATHS = NO;
				CLANG_CXX_LANGUAGE_STANDARD = "gnu++0x";
				CLANG_CXX_LIBRARY = "libc++";
				CLANG_ENABLE_MODULES = YES;
				CLANG_ENABLE_OBJC_ARC = YES;
				CLANG_WARN_BOOL_CONVERSION = YES;
				CLANG_WARN_CONSTANT_CONVERSION = YES;
				CLANG_WARN_DIRECT_OBJC_ISA_USAGE = YES_ERROR;
				CLANG_WARN_EMPTY_BODY = YES;
				CLANG_WARN_ENUM_CONVERSION = YES;
				CLANG_WARN_INT_CONVERSION = YES;
				CLANG_WARN_OBJC_ROOT_CLASS = YES_ERROR;
				CLANG_WARN_UNREACHABLE_CODE = YES;
				CLANG_WARN__DUPLICATE_METHOD_MATCH = YES;
				"CODE_SIGN_IDENTITY[sdk=iphoneos*]" = "iPhone Developer";
				COPY_PHASE_STRIP = NO;
				DEBUG_INFORMATION_FORMAT = "dwarf-with-dsym";
				ENABLE_STRICT_OBJC_MSGSEND = YES;
				ENABLE_TESTABILITY = YES;
				GCC_C_LANGUAGE_STANDARD = gnu99;
				GCC_DYNAMIC_NO_PIC = NO;
				GCC_NO_COMMON_BLOCKS = YES;
				GCC_OPTIMIZATION_LEVEL = 0;
				GCC_PREPROCESSOR_DEFINITIONS = (
					"DEBUG=1",
					"$(inherited)",
				);
				GCC_WARN_64_TO_32_BIT_CONVERSION = YES;
				GCC_WARN_ABOUT_RETURN_TYPE = YES_ERROR;
				GCC_WARN_UNDECLARED_SELECTOR = YES;
				GCC_WARN_UNINITIALIZED_AUTOS = YES_AGGRESSIVE;
				GCC_WARN_UNUSED_FUNCTION = YES;
				GCC_WARN_UNUSED_VARIABLE = YES;
				IPHONEOS_DEPLOYMENT_TARGET = 9.2;
				MTL_ENABLE_DEBUG_INFO = YES;
				ONLY_ACTIVE_ARCH = YES;
				SDKROOT = iphoneos;
				SWIFT_OPTIMIZATION_LEVEL = "-Onone";
			};
			name = Debug;
		};
		2ACEC7791C1B52BB00A6C976 /* Release */ = {
			isa = XCBuildConfiguration;
			buildSettings = {
				ALWAYS_SEARCH_USER_PATHS = NO;
				CLANG_CXX_LANGUAGE_STANDARD = "gnu++0x";
				CLANG_CXX_LIBRARY = "libc++";
				CLANG_ENABLE_MODULES = YES;
				CLANG_ENABLE_OBJC_ARC = YES;
				CLANG_WARN_BOOL_CONVERSION = YES;
				CLANG_WARN_CONSTANT_CONVERSION = YES;
				CLANG_WARN_DIRECT_OBJC_ISA_USAGE = YES_ERROR;
				CLANG_WARN_EMPTY_BODY = YES;
				CLANG_WARN_ENUM_CONVERSION = YES;
				CLANG_WARN_INT_CONVERSION = YES;
				CLANG_WARN_OBJC_ROOT_CLASS = YES_ERROR;
				CLANG_WARN_UNREACHABLE_CODE = YES;
				CLANG_WARN__DUPLICATE_METHOD_MATCH = YES;
				"CODE_SIGN_IDENTITY[sdk=iphoneos*]" = "iPhone Developer";
				COPY_PHASE_STRIP = NO;
				DEBUG_INFORMATION_FORMAT = "dwarf-with-dsym";
				ENABLE_NS_ASSERTIONS = NO;
				ENABLE_STRICT_OBJC_MSGSEND = YES;
				GCC_C_LANGUAGE_STANDARD = gnu99;
				GCC_NO_COMMON_BLOCKS = YES;
				GCC_WARN_64_TO_32_BIT_CONVERSION = YES;
				GCC_WARN_ABOUT_RETURN_TYPE = YES_ERROR;
				GCC_WARN_UNDECLARED_SELECTOR = YES;
				GCC_WARN_UNINITIALIZED_AUTOS = YES_AGGRESSIVE;
				GCC_WARN_UNUSED_FUNCTION = YES;
				GCC_WARN_UNUSED_VARIABLE = YES;
				IPHONEOS_DEPLOYMENT_TARGET = 9.2;
				MTL_ENABLE_DEBUG_INFO = NO;
				SDKROOT = iphoneos;
				VALIDATE_PRODUCT = YES;
			};
			name = Release;
		};
		2ACEC77B1C1B52BB00A6C976 /* Debug */ = {
			isa = XCBuildConfiguration;
			buildSettings = {
				ASSETCATALOG_COMPILER_APPICON_NAME = AppIcon;
				INFOPLIST_FILE = "Atlas 2.1/Info.plist";
				LD_RUNPATH_SEARCH_PATHS = "$(inherited) @executable_path/Frameworks";
				PRODUCT_BUNDLE_IDENTIFIER = "runemark.Atlas-2-1";
				PRODUCT_NAME = "$(TARGET_NAME)";
				TARGETED_DEVICE_FAMILY = "1,2";
			};
			name = Debug;
		};
		2ACEC77C1C1B52BB00A6C976 /* Release */ = {
			isa = XCBuildConfiguration;
			buildSettings = {
				ASSETCATALOG_COMPILER_APPICON_NAME = AppIcon;
				INFOPLIST_FILE = "Atlas 2.1/Info.plist";
				LD_RUNPATH_SEARCH_PATHS = "$(inherited) @executable_path/Frameworks";
				PRODUCT_BUNDLE_IDENTIFIER = "runemark.Atlas-2-1";
				PRODUCT_NAME = "$(TARGET_NAME)";
				TARGETED_DEVICE_FAMILY = "1,2";
			};
			name = Release;
		};
		2ACEC77E1C1B52BB00A6C976 /* Debug */ = {
			isa = XCBuildConfiguration;
			buildSettings = {
				BUNDLE_LOADER = "$(TEST_HOST)";
				DEBUG_INFORMATION_FORMAT = dwarf;
				INFOPLIST_FILE = "Atlas 2.1Tests/Info.plist";
				LD_RUNPATH_SEARCH_PATHS = "$(inherited) @executable_path/Frameworks @loader_path/Frameworks";
				PRODUCT_BUNDLE_IDENTIFIER = "runemark.Atlas-2-1Tests";
				PRODUCT_NAME = "$(TARGET_NAME)";
				TEST_HOST = "$(BUILT_PRODUCTS_DIR)/Atlas 2.1.app/Atlas 2.1";
			};
			name = Debug;
		};
		2ACEC77F1C1B52BB00A6C976 /* Release */ = {
			isa = XCBuildConfiguration;
			buildSettings = {
				BUNDLE_LOADER = "$(TEST_HOST)";
				INFOPLIST_FILE = "Atlas 2.1Tests/Info.plist";
				LD_RUNPATH_SEARCH_PATHS = "$(inherited) @executable_path/Frameworks @loader_path/Frameworks";
				PRODUCT_BUNDLE_IDENTIFIER = "runemark.Atlas-2-1Tests";
				PRODUCT_NAME = "$(TARGET_NAME)";
				TEST_HOST = "$(BUILT_PRODUCTS_DIR)/Atlas 2.1.app/Atlas 2.1";
			};
			name = Release;
		};
/* End XCBuildConfiguration section */

/* Begin XCConfigurationList section */
		2ACEC7541C1B52BB00A6C976 /* Build configuration list for PBXProject "Atlas 2.1" */ = {
			isa = XCConfigurationList;
			buildConfigurations = (
				2ACEC7781C1B52BB00A6C976 /* Debug */,
				2ACEC7791C1B52BB00A6C976 /* Release */,
			);
			defaultConfigurationIsVisible = 0;
			defaultConfigurationName = Release;
		};
		2ACEC77A1C1B52BB00A6C976 /* Build configuration list for PBXNativeTarget "Atlas 2.1" */ = {
			isa = XCConfigurationList;
			buildConfigurations = (
				2ACEC77B1C1B52BB00A6C976 /* Debug */,
				2ACEC77C1C1B52BB00A6C976 /* Release */,
			);
			defaultConfigurationIsVisible = 0;
			defaultConfigurationName = Release;
		};
		2ACEC77D1C1B52BB00A6C976 /* Build configuration list for PBXNativeTarget "Atlas 2.1Tests" */ = {
			isa = XCConfigurationList;
			buildConfigurations = (
				2ACEC77E1C1B52BB00A6C976 /* Debug */,
				2ACEC77F1C1B52BB00A6C976 /* Release */,
			);
			defaultConfigurationIsVisible = 0;
			defaultConfigurationName = Release;
		};
/* End XCConfigurationList section */
	};
	rootObject = 2ACEC7511C1B52BB00A6C976 /* Project object */;
}
